
Microsoft Visual Studio Solution File, Format Version 12.00
# Visual Studio Version 17
VisualStudioVersion = 17.7.34024.191
MinimumVisualStudioVersion = 10.0.40219.1
Project("{8BC9CEB8-8B4A-11D0-8D11-00A0C91BC942}") = "OPLab17.1", "OPLab17.1\OPLab17.1.vcxproj", "{4804C2BC-18FE-4EAF-A8F0-9028AF8FAB55}"
EndProject
Project("{8BC9CEB8-8B4A-11D0-8D11-00A0C91BC942}") = "OPLab17.2", "OPLab17.2\OPLab17.2.vcxproj", "{C55F8715-B7B4-43C9-BAB5-CC7E1C154360}"
EndProject
Project("{8BC9CEB8-8B4A-11D0-8D11-00A0C91BC942}") = "OPLab17.3", "OPLab17.3\OPLab17.3.vcxproj", "{90EE7BAF-14FA-4CE4-9744-9C9841BC5467}"
EndProject
Project("{8BC9CEB8-8B4A-11D0-8D11-00A0C91BC942}") = "OPLab17.4", "OPLab17.4\OPLab17.4.vcxproj", "{72C9D139-077A-43DB-95E0-27B77EFDEB4E}"
EndProject
Global
	GlobalSection(SolutionConfigurationPlatforms) = preSolution
		Debug|x64 = Debug|x64
		Debug|x86 = Debug|x86
		Release|x64 = Release|x64
		Release|x86 = Release|x86
	EndGlobalSection
	GlobalSection(ProjectConfigurationPlatforms) = postSolution
		{4804C2BC-18FE-4EAF-A8F0-9028AF8FAB55}.Debug|x64.ActiveCfg = Debug|x64
		{4804C2BC-18FE-4EAF-A8F0-9028AF8FAB55}.Debug|x64.Build.0 = Debug|x64
		{4804C2BC-18FE-4EAF-A8F0-9028AF8FAB55}.Debug|x86.ActiveCfg = Debug|Win32
		{4804C2BC-18FE-4EAF-A8F0-9028AF8FAB55}.Debug|x86.Build.0 = Debug|Win32
		{4804C2BC-18FE-4EAF-A8F0-9028AF8FAB55}.Release|x64.ActiveCfg = Release|x64
		{4804C2BC-18FE-4EAF-A8F0-9028AF8FAB55}.Release|x64.Build.0 = Release|x64
		{4804C2BC-18FE-4EAF-A8F0-9028AF8FAB55}.Release|x86.ActiveCfg = Release|Win32
		{4804C2BC-18FE-4EAF-A8F0-9028AF8FAB55}.Release|x86.Build.0 = Release|Win32
		{C55F8715-B7B4-43C9-BAB5-CC7E1C154360}.Debug|x64.ActiveCfg = Debug|x64
		{C55F8715-B7B4-43C9-BAB5-CC7E1C154360}.Debug|x64.Build.0 = Debug|x64
		{C55F8715-B7B4-43C9-BAB5-CC7E1C154360}.Debug|x86.ActiveCfg = Debug|Win32
		{C55F8715-B7B4-43C9-BAB5-CC7E1C154360}.Debug|x86.Build.0 = Debug|Win32
		{C55F8715-B7B4-43C9-BAB5-CC7E1C154360}.Release|x64.ActiveCfg = Release|x64
		{C55F8715-B7B4-43C9-BAB5-CC7E1C154360}.Release|x64.Build.0 = Release|x64
		{C55F8715-B7B4-43C9-BAB5-CC7E1C154360}.Release|x86.ActiveCfg = Release|Win32
		{C55F8715-B7B4-43C9-BAB5-CC7E1C154360}.Release|x86.Build.0 = Release|Win32
		{90EE7BAF-14FA-4CE4-9744-9C9841BC5467}.Debug|x64.ActiveCfg = Debug|x64
		{90EE7BAF-14FA-4CE4-9744-9C9841BC5467}.Debug|x64.Build.0 = Debug|x64
		{90EE7BAF-14FA-4CE4-9744-9C9841BC5467}.Debug|x86.ActiveCfg = Debug|Win32
		{90EE7BAF-14FA-4CE4-9744-9C9841BC5467}.Debug|x86.Build.0 = Debug|Win32
		{90EE7BAF-14FA-4CE4-9744-9C9841BC5467}.Release|x64.ActiveCfg = Release|x64
		{90EE7BAF-14FA-4CE4-9744-9C9841BC5467}.Release|x64.Build.0 = Release|x64
		{90EE7BAF-14FA-4CE4-9744-9C9841BC5467}.Release|x86.ActiveCfg = Release|Win32
		{90EE7BAF-14FA-4CE4-9744-9C9841BC5467}.Release|x86.Build.0 = Release|Win32
		{72C9D139-077A-43DB-95E0-27B77EFDEB4E}.Debug|x64.ActiveCfg = Debug|x64
		{72C9D139-077A-43DB-95E0-27B77EFDEB4E}.Debug|x64.Build.0 = Debug|x64
		{72C9D139-077A-43DB-95E0-27B77EFDEB4E}.Debug|x86.ActiveCfg = Debug|Win32
		{72C9D139-077A-43DB-95E0-27B77EFDEB4E}.Debug|x86.Build.0 = Debug|Win32
		{72C9D139-077A-43DB-95E0-27B77EFDEB4E}.Release|x64.ActiveCfg = Release|x64
		{72C9D139-077A-43DB-95E0-27B77EFDEB4E}.Release|x64.Build.0 = Release|x64
		{72C9D139-077A-43DB-95E0-27B77EFDEB4E}.Release|x86.ActiveCfg = Release|Win32
		{72C9D139-077A-43DB-95E0-27B77EFDEB4E}.Release|x86.Build.0 = Release|Win32
	EndGlobalSection
	GlobalSection(SolutionProperties) = preSolution
		HideSolutionNode = FALSE
	EndGlobalSection
	GlobalSection(ExtensibilityGlobals) = postSolution
		SolutionGuid = {A1360C83-0655-4C8C-9BB9-A58E51D83104}
	EndGlobalSection
EndGlobal
